{
  "name": "test_utils",
  "version": "1.0.0",
  "lockfileVersion": 1,
  "requires": true,
  "dependencies": {
    "ls_utils_common": {
      "version": "1.0.2",
      "resolved": "https://registry.npmjs.org/ls_utils_common/-/ls_utils_common-1.0.2.tgz",
      "integrity": "sha512-rOj9dEi9g9NHtEgaClDHgMrGSXYEAj0omSzXcqA8B5MmS0WwgLblYUuQM9YxP7GmCuD3Zyu2vuubf/+xsP7daQ=="
    }
  }
}
